Microsoft Visual Studio Solution File, Format Version 12.00
# Visual Studio 2012
Project("{FAE04EC0-301F-11D3-BF4B-00C04F79EFBC}") = "Ylands Scene Loader", "Ylands Scene Loader.csproj", "{49935136-9943-46AC-AA1A-27E59428097F}"
EndProject
Global
	GlobalSection(SolutionConfigurationPlatforms) = preSolution
	Debug|Any CPU = Debug|Any CPU
	ExportDebug|Any CPU = ExportDebug|Any CPU
	ExportRelease|Any CPU = ExportRelease|Any CPU
	EndGlobalSection
	GlobalSection(ProjectConfigurationPlatforms) = postSolution
		{49935136-9943-46AC-AA1A-27E59428097F}.Debug|Any CPU.ActiveCfg = Debug|Any CPU
		{49935136-9943-46AC-AA1A-27E59428097F}.Debug|Any CPU.Build.0 = Debug|Any CPU
		{49935136-9943-46AC-AA1A-27E59428097F}.ExportDebug|Any CPU.ActiveCfg = ExportDebug|Any CPU
		{49935136-9943-46AC-AA1A-27E59428097F}.ExportDebug|Any CPU.Build.0 = ExportDebug|Any CPU
		{49935136-9943-46AC-AA1A-27E59428097F}.ExportRelease|Any CPU.ActiveCfg = ExportRelease|Any CPU
		{49935136-9943-46AC-AA1A-27E59428097F}.ExportRelease|Any CPU.Build.0 = ExportRelease|Any CPU
	EndGlobalSection
EndGlobal
